// !$*UTF8*$!
{
	archiveVersion = 1;
	classes = {
	};
	objectVersion = 51;
	objects = {

/* Begin PBXBuildFile section */
		30B54CBC2322EB8A007381A3 /* PostsTableViewController.swift in Sources */ = {isa = PBXBuildFile; fileRef = 30B54CBB2322EB8A007381A3 /* PostsTableViewController.swift */; };
		30B54CBF2322ECBB007381A3 /* PostViewModel.swift in Sources */ = {isa = PBXBuildFile; fileRef = 30B54CBE2322ECBB007381A3 /* PostViewModel.swift */; };
		30B54CC22322F795007381A3 /* PostTableViewCell.swift in Sources */ = {isa = PBXBuildFile; fileRef = 30B54CC12322F795007381A3 /* PostTableViewCell.swift */; };
		30B54CC42322FD66007381A3 /* PostDetailViewController.swift in Sources */ = {isa = PBXBuildFile; fileRef = 30B54CC32322FD66007381A3 /* PostDetailViewController.swift */; };
		30F1F7BE23205BAA001E6B9B /* AppDelegate.swift in Sources */ = {isa = PBXBuildFile; fileRef = 30F1F7BD23205BAA001E6B9B /* AppDelegate.swift */; };
		30F1F7C323205BAA001E6B9B /* Main.storyboard in Resources */ = {isa = PBXBuildFile; fileRef = 30F1F7C123205BAA001E6B9B /* Main.storyboard */; };
		30F1F7C523205BAE001E6B9B /* Assets.xcassets in Resources */ = {isa = PBXBuildFile; fileRef = 30F1F7C423205BAE001E6B9B /* Assets.xcassets */; };
		30F1F7C823205BAE001E6B9B /* LaunchScreen.storyboard in Resources */ = {isa = PBXBuildFile; fileRef = 30F1F7C623205BAE001E6B9B /* LaunchScreen.storyboard */; };
		30F1F7D023205D64001E6B9B /* ApiProvider.swift in Sources */ = {isa = PBXBuildFile; fileRef = 30F1F7CF23205D64001E6B9B /* ApiProvider.swift */; };
		30F1F7D323205E04001E6B9B /* UIImageView.swift in Sources */ = {isa = PBXBuildFile; fileRef = 30F1F7D123205E04001E6B9B /* UIImageView.swift */; };
		30F1F7D423205E04001E6B9B /* URLSession.swift in Sources */ = {isa = PBXBuildFile; fileRef = 30F1F7D223205E04001E6B9B /* URLSession.swift */; };
		30F1F7D723205F07001E6B9B /* Swift Subreddit.swift in Sources */ = {isa = PBXBuildFile; fileRef = 30F1F7D623205F07001E6B9B /* Swift Subreddit.swift */; };
		30F1F7DA23205FC8001E6B9B /* Post.swift in Sources */ = {isa = PBXBuildFile; fileRef = 30F1F7D923205FC8001E6B9B /* Post.swift */; };
		52A3D0DFD1FBA79511C3BD41 /* Pods_Loblaws_Assignment.framework in Frameworks */ = {isa = PBXBuildFile; fileRef = 16674BFA303147DBE5BC3638 /* Pods_Loblaws_Assignment.framework */; };
/* End PBXBuildFile section */

/* Begin PBXFileReference section */
		16674BFA303147DBE5BC3638 /* Pods_Loblaws_Assignment.framework */ = {isa = PBXFileReference; explicitFileType = wrapper.framework; includeInIndex = 0; path = Pods_Loblaws_Assignment.framework; sourceTree = BUILT_PRODUCTS_DIR; };
		1F6E887DA7B09A6CCBACDB42 /* Pods-Loblaws Assignment.release.xcconfig */ = {isa = PBXFileReference; includeInIndex = 1; lastKnownFileType = text.xcconfig; name = "Pods-Loblaws Assignment.release.xcconfig"; path = "Target Support Files/Pods-Loblaws Assignment/Pods-Loblaws Assignment.release.xcconfig"; sourceTree = "<group>"; };
		30B54CBB2322EB8A007381A3 /* PostsTableViewController.swift */ = {isa = PBXFileReference; lastKnownFileType = sourcecode.swift; path = PostsTableViewController.swift; sourceTree = "<group>"; };
		30B54CBE2322ECBB007381A3 /* PostViewModel.swift */ = {isa = PBXFileReference; lastKnownFileType = sourcecode.swift; path = PostViewModel.swift; sourceTree = "<group>"; };
		30B54CC12322F795007381A3 /* PostTableViewCell.swift */ = {isa = PBXFileReference; lastKnownFileType = sourcecode.swift; path = PostTableViewCell.swift; sourceTree = "<group>"; };
		30B54CC32322FD66007381A3 /* PostDetailViewController.swift */ = {isa = PBXFileReference; lastKnownFileType = sourcecode.swift; path = PostDetailViewController.swift; sourceTree = "<group>"; };
		30F1F7BA23205BAA001E6B9B /* Loblaws Assignment.app */ = {isa = PBXFileReference; explicitFileType = wrapper.application; includeInIndex = 0; path = "Loblaws Assignment.app"; sourceTree = BUILT_PRODUCTS_DIR; };
		30F1F7BD23205BAA001E6B9B /* AppDelegate.swift */ = {isa = PBXFileReference; lastKnownFileType = sourcecode.swift; path = AppDelegate.swift; sourceTree = "<group>"; };
		30F1F7C223205BAA001E6B9B /* Base */ = {isa = PBXFileReference; lastKnownFileType = file.storyboard; name = Base; path = Base.lproj/Main.storyboard; sourceTree = "<group>"; };
		30F1F7C423205BAE001E6B9B /* Assets.xcassets */ = {isa = PBXFileReference; lastKnownFileType = folder.assetcatalog; path = Assets.xcassets; sourceTree = "<group>"; };
		30F1F7C723205BAE001E6B9B /* Base */ = {isa = PBXFileReference; lastKnownFileType = file.storyboard; name = Base; path = Base.lproj/LaunchScreen.storyboard; sourceTree = "<group>"; };
		30F1F7C923205BAE001E6B9B /* Info.plist */ = {isa = PBXFileReference; lastKnownFileType = text.plist.xml; path = Info.plist; sourceTree = "<group>"; };
		30F1F7CF23205D64001E6B9B /* ApiProvider.swift */ = {isa = PBXFileReference; lastKnownFileType = sourcecode.swift; path = ApiProvider.swift; sourceTree = "<group>"; };
		30F1F7D123205E04001E6B9B /* UIImageView.swift */ = {isa = PBXFileReference; fileEncoding = 4; lastKnownFileType = sourcecode.swift; path = UIImageView.swift; sourceTree = "<group>"; };
		30F1F7D223205E04001E6B9B /* URLSession.swift */ = {isa = PBXFileReference; fileEncoding = 4; lastKnownFileType = sourcecode.swift; path = URLSession.swift; sourceTree = "<group>"; };
		30F1F7D623205F07001E6B9B /* Swift Subreddit.swift */ = {isa = PBXFileReference; lastKnownFileType = sourcecode.swift; path = "Swift Subreddit.swift"; sourceTree = "<group>"; };
		30F1F7D923205FC8001E6B9B /* Post.swift */ = {isa = PBXFileReference; lastKnownFileType = sourcecode.swift; path = Post.swift; sourceTree = "<group>"; };
		77181C71EA403F8C8EBF5118 /* Pods-Loblaws Assignment.debug.xcconfig */ = {isa = PBXFileReference; includeInIndex = 1; lastKnownFileType = text.xcconfig; name = "Pods-Loblaws Assignment.debug.xcconfig"; path = "Target Support Files/Pods-Loblaws Assignment/Pods-Loblaws Assignment.debug.xcconfig"; sourceTree = "<group>"; };
/* End PBXFileReference section */

/* Begin PBXFrameworksBuildPhase section */
		30F1F7B723205BAA001E6B9B /* Frameworks */ = {
			isa = PBXFrameworksBuildPhase;
			buildActionMask = 2147483647;
			files = (
				52A3D0DFD1FBA79511C3BD41 /* Pods_Loblaws_Assignment.framework in Frameworks */,
			);
			runOnlyForDeploymentPostprocessing = 0;
		};
/* End PBXFrameworksBuildPhase section */

/* Begin PBXGroup section */
		30B54CBA2322EB29007381A3 /* Views */ = {
			isa = PBXGroup;
			children = (
				30B54CC02322F770007381A3 /* Cells */,
				30B54CBB2322EB8A007381A3 /* PostsTableViewController.swift */,
				30B54CC32322FD66007381A3 /* PostDetailViewController.swift */,
			);
			path = Views;
			sourceTree = "<group>";
		};
		30B54CBD2322ECA7007381A3 /* ViewModels */ = {
			isa = PBXGroup;
			children = (
				30B54CBE2322ECBB007381A3 /* PostViewModel.swift */,
			);
			path = ViewModels;
			sourceTree = "<group>";
		};
		30B54CC02322F770007381A3 /* Cells */ = {
			isa = PBXGroup;
			children = (
				30B54CC12322F795007381A3 /* PostTableViewCell.swift */,
			);
			path = Cells;
			sourceTree = "<group>";
		};
		30F1F7B123205BAA001E6B9B = {
			isa = PBXGroup;
			children = (
				30F1F7BC23205BAA001E6B9B /* Loblaws Assignment */,
				30F1F7BB23205BAA001E6B9B /* Products */,
				C61D229CCD5D5846780BB0AD /* Pods */,
				C05FFB86B7FAEDC6600BF292 /* Frameworks */,
			);
			sourceTree = "<group>";
		};
		30F1F7BB23205BAA001E6B9B /* Products */ = {
			isa = PBXGroup;
			children = (
				30F1F7BA23205BAA001E6B9B /* Loblaws Assignment.app */,
			);
			name = Products;
			sourceTree = "<group>";
		};
		30F1F7BC23205BAA001E6B9B /* Loblaws Assignment */ = {
			isa = PBXGroup;
			children = (
				30B54CBD2322ECA7007381A3 /* ViewModels */,
				30B54CBA2322EB29007381A3 /* Views */,
				30F1F7D823205FB3001E6B9B /* Models */,
				30F1F7D523205E5B001E6B9B /* Extensions */,
				30F1F7BD23205BAA001E6B9B /* AppDelegate.swift */,
				30F1F7C123205BAA001E6B9B /* Main.storyboard */,
				30F1F7C423205BAE001E6B9B /* Assets.xcassets */,
				30F1F7C623205BAE001E6B9B /* LaunchScreen.storyboard */,
				30F1F7C923205BAE001E6B9B /* Info.plist */,
				30F1F7CF23205D64001E6B9B /* ApiProvider.swift */,
			);
			path = "Loblaws Assignment";
			sourceTree = "<group>";
		};
		30F1F7D523205E5B001E6B9B /* Extensions */ = {
			isa = PBXGroup;
			children = (
				30F1F7D123205E04001E6B9B /* UIImageView.swift */,
				30F1F7D223205E04001E6B9B /* URLSession.swift */,
			);
			path = Extensions;
			sourceTree = "<group>";
		};
		30F1F7D823205FB3001E6B9B /* Models */ = {
			isa = PBXGroup;
			children = (
				30F1F7D623205F07001E6B9B /* Swift Subreddit.swift */,
				30F1F7D923205FC8001E6B9B /* Post.swift */,
			);
			path = Models;
			sourceTree = "<group>";
		};
		C05FFB86B7FAEDC6600BF292 /* Frameworks */ = {
			isa = PBXGroup;
			children = (
				16674BFA303147DBE5BC3638 /* Pods_Loblaws_Assignment.framework */,
			);
			name = Frameworks;
			sourceTree = "<group>";
		};
		C61D229CCD5D5846780BB0AD /* Pods */ = {
			isa = PBXGroup;
			children = (
				77181C71EA403F8C8EBF5118 /* Pods-Loblaws Assignment.debug.xcconfig */,
				1F6E887DA7B09A6CCBACDB42 /* Pods-Loblaws Assignment.release.xcconfig */,
			);
			path = Pods;
			sourceTree = "<group>";
		};
/* End PBXGroup section */

/* Begin PBXNativeTarget section */
		30F1F7B923205BAA001E6B9B /* Loblaws Assignment */ = {
			isa = PBXNativeTarget;
			buildConfigurationList = 30F1F7CC23205BAE001E6B9B /* Build configuration list for PBXNativeTarget "Loblaws Assignment" */;
			buildPhases = (
				F7AEA5675D4D4D96CD7CE9B4 /* [CP] Check Pods Manifest.lock */,
				30F1F7B623205BAA001E6B9B /* Sources */,
				30F1F7B723205BAA001E6B9B /* Frameworks */,
				30F1F7B823205BAA001E6B9B /* Resources */,
				CEA2C858C50CB99D21A6E628 /* [CP] Embed Pods Frameworks */,
			);
			buildRules = (
			);
			dependencies = (
			);
			name = "Loblaws Assignment";
			productName = "Loblaws Assignment";
			productReference = 30F1F7BA23205BAA001E6B9B /* Loblaws Assignment.app */;
			productType = "com.apple.product-type.application";
		};
/* End PBXNativeTarget section */

/* Begin PBXProject section */
		30F1F7B223205BAA001E6B9B /* Project object */ = {
			isa = PBXProject;
			attributes = {
				LastSwiftUpdateCheck = 1030;
				LastUpgradeCheck = 1030;
				ORGANIZATIONNAME = "Saim Zahid";
				TargetAttributes = {
					30F1F7B923205BAA001E6B9B = {
						CreatedOnToolsVersion = 10.3;
					};
				};
			};
			buildConfigurationList = 30F1F7B523205BAA001E6B9B /* Build configuration list for PBXProject "Loblaws Assignment" */;
			compatibilityVersion = "Xcode 9.3";
			developmentRegion = en;
			hasScannedForEncodings = 0;
			knownRegions = (
				en,
				Base,
			);
			mainGroup = 30F1F7B123205BAA001E6B9B;
			productRefGroup = 30F1F7BB23205BAA001E6B9B /* Products */;
			projectDirPath = "";
			projectRoot = "";
			targets = (
				30F1F7B923205BAA001E6B9B /* Loblaws Assignment */,
			);
		};
/* End PBXProject section */

/* Begin PBXResourcesBuildPhase section */
		30F1F7B823205BAA001E6B9B /* Resources */ = {
			isa = PBXResourcesBuildPhase;
			buildActionMask = 2147483647;
			files = (
				30F1F7C823205BAE001E6B9B /* LaunchScreen.storyboard in Resources */,
				30F1F7C523205BAE001E6B9B /* Assets.xcassets in Resources */,
				30F1F7C323205BAA001E6B9B /* Main.storyboard in Resources */,
			);
			runOnlyForDeploymentPostprocessing = 0;
		};
/* End PBXResourcesBuildPhase section */

/* Begin PBXShellScriptBuildPhase section */
		CEA2C858C50CB99D21A6E628 /* [CP] Embed Pods Frameworks */ = {
			isa = PBXShellScriptBuildPhase;
			buildActionMask = 2147483647;
			files = (
			);
			inputFileListPaths = (
				"${PODS_ROOT}/Target Support Files/Pods-Loblaws Assignment/Pods-Loblaws Assignment-frameworks-${CONFIGURATION}-input-files.xcfilelist",
			);
			name = "[CP] Embed Pods Frameworks";
			outputFileListPaths = (
				"${PODS_ROOT}/Target Support Files/Pods-Loblaws Assignment/Pods-Loblaws Assignment-frameworks-${CONFIGURATION}-output-files.xcfilelist",
			);
			runOnlyForDeploymentPostprocessing = 0;
			shellPath = /bin/sh;
			shellScript = "\"${PODS_ROOT}/Target Support Files/Pods-Loblaws Assignment/Pods-Loblaws Assignment-frameworks.sh\"\n";
			showEnvVarsInLog = 0;
		};
		F7AEA5675D4D4D96CD7CE9B4 /* [CP] Check Pods Manifest.lock */ = {
			isa = PBXShellScriptBuildPhase;
			buildActionMask = 2147483647;
			files = (
			);
			inputFileListPaths = (
			);
			inputPaths = (
				"${PODS_PODFILE_DIR_PATH}/Podfile.lock",
				"${PODS_ROOT}/Manifest.lock",
			);
			name = "[CP] Check Pods Manifest.lock";
			outputFileListPaths = (
			);
			outputPaths = (
				"$(DERIVED_FILE_DIR)/Pods-Loblaws Assignment-checkManifestLockResult.txt",
			);
			runOnlyForDeploymentPostprocessing = 0;
			shellPath = /bin/sh;
			shellScript = "diff \"${PODS_PODFILE_DIR_PATH}/Podfile.lock\" \"${PODS_ROOT}/Manifest.lock\" > /dev/null\nif [ $? != 0 ] ; then\n    # print error to STDERR\n    echo \"error: The sandbox is not in sync with the Podfile.lock. Run 'pod install' or update your CocoaPods installation.\" >&2\n    exit 1\nfi\n# This output is used by Xcode 'outputs' to avoid re-running this script phase.\necho \"SUCCESS\" > \"${SCRIPT_OUTPUT_FILE_0}\"\n";
			showEnvVarsInLog = 0;
		};
/* End PBXShellScriptBuildPhase section */

/* Begin PBXSourcesBuildPhase section */
		30F1F7B623205BAA001E6B9B /* Sources */ = {
			isa = PBXSourcesBuildPhase;
			buildActionMask = 2147483647;
			files = (
				30B54CBF2322ECBB007381A3 /* PostViewModel.swift in Sources */,
				30F1F7D423205E04001E6B9B /* URLSession.swift in Sources */,
				30B54CBC2322EB8A007381A3 /* PostsTableViewController.swift in Sources */,
				30F1F7D723205F07001E6B9B /* Swift Subreddit.swift in Sources */,
				30F1F7D023205D64001E6B9B /* ApiProvider.swift in Sources */,
				30F1F7D323205E04001E6B9B /* UIImageView.swift in Sources */,
				30F1F7DA23205FC8001E6B9B /* Post.swift in Sources */,
				30B54CC42322FD66007381A3 /* PostDetailViewController.swift in Sources */,
				30F1F7BE23205BAA001E6B9B /* AppDelegate.swift in Sources */,
				30B54CC22322F795007381A3 /* PostTableViewCell.swift in Sources */,
			);
			runOnlyForDeploymentPostprocessing = 0;
		};
/* End PBXSourcesBuildPhase section */

/* Begin PBXVariantGroup section */
		30F1F7C123205BAA001E6B9B /* Main.storyboard */ = {
			isa = PBXVariantGroup;
			children = (
				30F1F7C223205BAA001E6B9B /* Base */,
			);
			name = Main.storyboard;
			sourceTree = "<group>";
		};
		30F1F7C623205BAE001E6B9B /* LaunchScreen.storyboard */ = {
			isa = PBXVariantGroup;
			children = (
				30F1F7C723205BAE001E6B9B /* Base */,
			);
			name = LaunchScreen.storyboard;
			sourceTree = "<group>";
		};
/* End PBXVariantGroup section */

/* Begin XCBuildConfiguration section */
		30F1F7CA23205BAE001E6B9B /* Debug */ = {
			isa = XCBuildConfiguration;
			buildSettings = {
				ALWAYS_SEARCH_USER_PATHS = NO;
				CLANG_ANALYZER_NONNULL = YES;
				CLANG_ANALYZER_NUMBER_OBJECT_CONVERSION = YES_AGGRESSIVE;
				CLANG_CXX_LANGUAGE_STANDARD = "gnu++14";
				CLANG_CXX_LIBRARY = "libc++";
				CLANG_ENABLE_MODULES = YES;
				CLANG_ENABLE_OBJC_ARC = YES;
				CLANG_ENABLE_OBJC_WEAK = YES;
				CLANG_WARN_BLOCK_CAPTURE_AUTORELEASING = YES;
				CLANG_WARN_BOOL_CONVERSION = YES;
				CLANG_WARN_COMMA = YES;
				CLANG_WARN_CONSTANT_CONVERSION = YES;
				CLANG_WARN_DEPRECATED_OBJC_IMPLEMENTATIONS = YES;
				CLANG_WARN_DIRECT_OBJC_ISA_USAGE = YES_ERROR;
				CLANG_WARN_DOCUMENTATION_COMMENTS = YES;
				CLANG_WARN_EMPTY_BODY = YES;
				CLANG_WARN_ENUM_CONVERSION = YES;
				CLANG_WARN_INFINITE_RECURSION = YES;
				CLANG_WARN_INT_CONVERSION = YES;
				CLANG_WARN_NON_LITERAL_NULL_CONVERSION = YES;
				CLANG_WARN_OBJC_IMPLICIT_RETAIN_SELF = YES;
				CLANG_WARN_OBJC_LITERAL_CONVERSION = YES;
				CLANG_WARN_OBJC_ROOT_CLASS = YES_ERROR;
				CLANG_WARN_RANGE_LOOP_ANALYSIS = YES;
				CLANG_WARN_STRICT_PROTOTYPES = YES;
				CLANG_WARN_SUSPICIOUS_MOVE = YES;
				CLANG_WARN_UNGUARDED_AVAILABILITY = YES_AGGRESSIVE;
				CLANG_WARN_UNREACHABLE_CODE = YES;
				CLANG_WARN__DUPLICATE_METHOD_MATCH = YES;
				CODE_SIGN_IDENTITY = "iPhone Developer";
				COPY_PHASE_STRIP = NO;
				DEBUG_INFORMATION_FORMAT = dwarf;
				ENABLE_STRICT_OBJC_MSGSEND = YES;
				ENABLE_TESTABILITY = YES;
				GCC_C_LANGUAGE_STANDARD = gnu11;
				GCC_DYNAMIC_NO_PIC = NO;
				GCC_NO_COMMON_BLOCKS = YES;
				GCC_OPTIMIZATION_LEVEL = 0;
				GCC_PREPROCESSOR_DEFINITIONS = (
					"DEBUG=1",
					"$(inherited)",
				);
				GCC_WARN_64_TO_32_BIT_CONVERSION = YES;
				GCC_WARN_ABOUT_RETURN_TYPE = YES_ERROR;
				GCC_WARN_UNDECLARED_SELECTOR = YES;
				GCC_WARN_UNINITIALIZED_AUTOS = YES_AGGRESSIVE;
				GCC_WARN_UNUSED_FUNCTION = YES;
				GCC_WARN_UNUSED_VARIABLE = YES;
				IPHONEOS_DEPLOYMENT_TARGET = 12.4;
				MTL_ENABLE_DEBUG_INFO = INCLUDE_SOURCE;
				MTL_FAST_MATH = YES;
				ONLY_ACTIVE_ARCH = YES;
				SDKROOT = iphoneos;
				SWIFT_ACTIVE_COMPILATION_CONDITIONS = DEBUG;
				SWIFT_OPTIMIZATION_LEVEL = "-Onone";
			};
			name = Debug;
		};
		30F1F7CB23205BAE001E6B9B /* Release */ = {
			isa = XCBuildConfiguration;
			buildSettings = {
				ALWAYS_SEARCH_USER_PATHS = NO;
				CLANG_ANALYZER_NONNULL = YES;
				CLANG_ANALYZER_NUMBER_OBJECT_CONVERSION = YES_AGGRESSIVE;
				CLANG_CXX_LANGUAGE_STANDARD = "gnu++14";
				CLANG_CXX_LIBRARY = "libc++";
				CLANG_ENABLE_MODULES = YES;
				CLANG_ENABLE_OBJC_ARC = YES;
				CLANG_ENABLE_OBJC_WEAK = YES;
				CLANG_WARN_BLOCK_CAPTURE_AUTORELEASING = YES;
				CLANG_WARN_BOOL_CONVERSION = YES;
				CLANG_WARN_COMMA = YES;
				CLANG_WARN_CONSTANT_CONVERSION = YES;
				CLANG_WARN_DEPRECATED_OBJC_IMPLEMENTATIONS = YES;
				CLANG_WARN_DIRECT_OBJC_ISA_USAGE = YES_ERROR;
				CLANG_WARN_DOCUMENTATION_COMMENTS = YES;
				CLANG_WARN_EMPTY_BODY = YES;
				CLANG_WARN_ENUM_CONVERSION = YES;
				CLANG_WARN_INFINITE_RECURSION = YES;
				CLANG_WARN_INT_CONVERSION = YES;
				CLANG_WARN_NON_LITERAL_NULL_CONVERSION = YES;
				CLANG_WARN_OBJC_IMPLICIT_RETAIN_SELF = YES;
				CLANG_WARN_OBJC_LITERAL_CONVERSION = YES;
				CLANG_WARN_OBJC_ROOT_CLASS = YES_ERROR;
				CLANG_WARN_RANGE_LOOP_ANALYSIS = YES;
				CLANG_WARN_STRICT_PROTOTYPES = YES;
				CLANG_WARN_SUSPICIOUS_MOVE = YES;
				CLANG_WARN_UNGUARDED_AVAILABILITY = YES_AGGRESSIVE;
				CLANG_WARN_UNREACHABLE_CODE = YES;
				CLANG_WARN__DUPLICATE_METHOD_MATCH = YES;
				CODE_SIGN_IDENTITY = "iPhone Developer";
				COPY_PHASE_STRIP = NO;
				DEBUG_INFORMATION_FORMAT = "dwarf-with-dsym";
				ENABLE_NS_ASSERTIONS = NO;
				ENABLE_STRICT_OBJC_MSGSEND = YES;
				GCC_C_LANGUAGE_STANDARD = gnu11;
				GCC_NO_COMMON_BLOCKS = YES;
				GCC_WARN_64_TO_32_BIT_CONVERSION = YES;
				GCC_WARN_ABOUT_RETURN_TYPE = YES_ERROR;
				GCC_WARN_UNDECLARED_SELECTOR = YES;
				GCC_WARN_UNINITIALIZED_AUTOS = YES_AGGRESSIVE;
				GCC_WARN_UNUSED_FUNCTION = YES;
				GCC_WARN_UNUSED_VARIABLE = YES;
				IPHONEOS_DEPLOYMENT_TARGET = 12.4;
				MTL_ENABLE_DEBUG_INFO = NO;
				MTL_FAST_MATH = YES;
				SDKROOT = iphoneos;
				SWIFT_COMPILATION_MODE = wholemodule;
				SWIFT_OPTIMIZATION_LEVEL = "-O";
				VALIDATE_PRODUCT = YES;
			};
			name = Release;
		};
		30F1F7CD23205BAE001E6B9B /* Debug */ = {
			isa = XCBuildConfiguration;
			baseConfigurationReference = 77181C71EA403F8C8EBF5118 /* Pods-Loblaws Assignment.debug.xcconfig */;
			buildSettings = {
				ASSETCATALOG_COMPILER_APPICON_NAME = AppIcon;
				CODE_SIGN_STYLE = Automatic;
				DEVELOPMENT_TEAM = 25LAFJU3F7;
				INFOPLIST_FILE = "Loblaws Assignment/Info.plist";
				LD_RUNPATH_SEARCH_PATHS = (
					"$(inherited)",
					"@executable_path/Frameworks",
				);
				PRODUCT_BUNDLE_IDENTIFIER = "Saim.Loblaws-Assignment";
				PRODUCT_NAME = "$(TARGET_NAME)";
				SWIFT_VERSION = 5.0;
				TARGETED_DEVICE_FAMILY = "1,2";
			};
			name = Debug;
		};
		30F1F7CE23205BAE001E6B9B /* Release */ = {
			isa = XCBuildConfiguration;
			baseConfigurationReference = 1F6E887DA7B09A6CCBACDB42 /* Pods-Loblaws Assignment.release.xcconfig */;
			buildSettings = {
				ASSETCATALOG_COMPILER_APPICON_NAME = AppIcon;
				CODE_SIGN_STYLE = Automatic;
				DEVELOPMENT_TEAM = 25LAFJU3F7;
				INFOPLIST_FILE = "Loblaws Assignment/Info.plist";
				LD_RUNPATH_SEARCH_PATHS = (
					"$(inherited)",
					"@executable_path/Frameworks",
				);
				PRODUCT_BUNDLE_IDENTIFIER = "Saim.Loblaws-Assignment";
				PRODUCT_NAME = "$(TARGET_NAME)";
				SWIFT_VERSION = 5.0;
				TARGETED_DEVICE_FAMILY = "1,2";
			};
			name = Release;
		};
/* End XCBuildConfiguration section */

/* Begin XCConfigurationList section */
		30F1F7B523205BAA001E6B9B /* Build configuration list for PBXProject "Loblaws Assignment" */ = {
			isa = XCConfigurationList;
			buildConfigurations = (
				30F1F7CA23205BAE001E6B9B /* Debug */,
				30F1F7CB23205BAE001E6B9B /* Release */,
			);
			defaultConfigurationIsVisible = 0;
			defaultConfigurationName = Release;
		};
		30F1F7CC23205BAE001E6B9B /* Build configuration list for PBXNativeTarget "Loblaws Assignment" */ = {
			isa = XCConfigurationList;
			buildConfigurations = (
				30F1F7CD23205BAE001E6B9B /* Debug */,
				30F1F7CE23205BAE001E6B9B /* Release */,
			);
			defaultConfigurationIsVisible = 0;
			defaultConfigurationName = Release;
		};
/* End XCConfigurationList section */
	};
	rootObject = 30F1F7B223205BAA001E6B9B /* Project object */;
}
